// !$*UTF8*$!
{
	archiveVersion = 1;
	classes = {
	};
	objectVersion = 55;
	objects = {

/* Begin PBXBuildFile section */
		954CAA8A27DF50BF009FF866 /* AppDelegate.swift in Sources */ = {isa = PBXBuildFile; fileRef = 954CAA8927DF50BF009FF866 /* AppDelegate.swift */; };
		954CAA9127DF50BF009FF866 /* Main.storyboard in Resources */ = {isa = PBXBuildFile; fileRef = 954CAA8F27DF50BF009FF866 /* Main.storyboard */; };
		954CAA9327DF50C0009FF866 /* Assets.xcassets in Resources */ = {isa = PBXBuildFile; fileRef = 954CAA9227DF50C0009FF866 /* Assets.xcassets */; };
		954CAA9627DF50C0009FF866 /* LaunchScreen.storyboard in Resources */ = {isa = PBXBuildFile; fileRef = 954CAA9427DF50C0009FF866 /* LaunchScreen.storyboard */; };
		954CAA9F27DF5C25009FF866 /* DataManager.swift in Sources */ = {isa = PBXBuildFile; fileRef = 954CAA9E27DF5C25009FF866 /* DataManager.swift */; };
		954CAAA227DF5D3F009FF866 /* TodoItem.swift in Sources */ = {isa = PBXBuildFile; fileRef = 954CAAA127DF5D3F009FF866 /* TodoItem.swift */; };
		954CAAA727DF5F03009FF866 /* ItemCell.swift in Sources */ = {isa = PBXBuildFile; fileRef = 954CAAA627DF5F03009FF866 /* ItemCell.swift */; };
		954CAAA927DF5F96009FF866 /* TodoViewController.swift in Sources */ = {isa = PBXBuildFile; fileRef = 954CAAA827DF5F96009FF866 /* TodoViewController.swift */; };
/* End PBXBuildFile section */

/* Begin PBXFileReference section */
		954CAA8627DF50BF009FF866 /* Multipeer_demo.app */ = {isa = PBXFileReference; explicitFileType = wrapper.application; includeInIndex = 0; path = Multipeer_demo.app; sourceTree = BUILT_PRODUCTS_DIR; };
		954CAA8927DF50BF009FF866 /* AppDelegate.swift */ = {isa = PBXFileReference; lastKnownFileType = sourcecode.swift; path = AppDelegate.swift; sourceTree = "<group>"; };
		954CAA9027DF50BF009FF866 /* Base */ = {isa = PBXFileReference; lastKnownFileType = file.storyboard; name = Base; path = Base.lproj/Main.storyboard; sourceTree = "<group>"; };
		954CAA9227DF50C0009FF866 /* Assets.xcassets */ = {isa = PBXFileReference; lastKnownFileType = folder.assetcatalog; path = Assets.xcassets; sourceTree = "<group>"; };
		954CAA9527DF50C0009FF866 /* Base */ = {isa = PBXFileReference; lastKnownFileType = file.storyboard; name = Base; path = Base.lproj/LaunchScreen.storyboard; sourceTree = "<group>"; };
		954CAA9727DF50C0009FF866 /* Info.plist */ = {isa = PBXFileReference; lastKnownFileType = text.plist.xml; path = Info.plist; sourceTree = "<group>"; };
		954CAA9E27DF5C25009FF866 /* DataManager.swift */ = {isa = PBXFileReference; lastKnownFileType = sourcecode.swift; path = DataManager.swift; sourceTree = "<group>"; };
		954CAAA127DF5D3F009FF866 /* TodoItem.swift */ = {isa = PBXFileReference; lastKnownFileType = sourcecode.swift; path = TodoItem.swift; sourceTree = "<group>"; };
		954CAAA627DF5F03009FF866 /* ItemCell.swift */ = {isa = PBXFileReference; lastKnownFileType = sourcecode.swift; path = ItemCell.swift; sourceTree = "<group>"; };
		954CAAA827DF5F96009FF866 /* TodoViewController.swift */ = {isa = PBXFileReference; lastKnownFileType = sourcecode.swift; path = TodoViewController.swift; sourceTree = "<group>"; };
/* End PBXFileReference section */

/* Begin PBXFrameworksBuildPhase section */
		954CAA8327DF50BF009FF866 /* Frameworks */ = {
			isa = PBXFrameworksBuildPhase;
			buildActionMask = 2147483647;
			files = (
			);
			runOnlyForDeploymentPostprocessing = 0;
		};
/* End PBXFrameworksBuildPhase section */

/* Begin PBXGroup section */
		954CAA7D27DF50BF009FF866 = {
			isa = PBXGroup;
			children = (
				954CAA8827DF50BF009FF866 /* Multipeer_demo */,
				954CAA8727DF50BF009FF866 /* Products */,
			);
			sourceTree = "<group>";
		};
		954CAA8727DF50BF009FF866 /* Products */ = {
			isa = PBXGroup;
			children = (
				954CAA8627DF50BF009FF866 /* Multipeer_demo.app */,
			);
			name = Products;
			sourceTree = "<group>";
		};
		954CAA8827DF50BF009FF866 /* Multipeer_demo */ = {
			isa = PBXGroup;
			children = (
				954CAAA527DF5EE9009FF866 /* Cell */,
				954CAAA427DF5ED7009FF866 /* ViewController */,
				954CAAA327DF5EBC009FF866 /* Data */,
				954CAA9D27DF5BFE009FF866 /* DataManager */,
				954CAA8927DF50BF009FF866 /* AppDelegate.swift */,
				954CAA8F27DF50BF009FF866 /* Main.storyboard */,
				954CAA9227DF50C0009FF866 /* Assets.xcassets */,
				954CAA9427DF50C0009FF866 /* LaunchScreen.storyboard */,
				954CAA9727DF50C0009FF866 /* Info.plist */,
			);
			path = Multipeer_demo;
			sourceTree = "<group>";
		};
		954CAA9D27DF5BFE009FF866 /* DataManager */ = {
			isa = PBXGroup;
			children = (
				954CAA9E27DF5C25009FF866 /* DataManager.swift */,
			);
			path = DataManager;
			sourceTree = "<group>";
		};
		954CAAA327DF5EBC009FF866 /* Data */ = {
			isa = PBXGroup;
			children = (
				954CAAA127DF5D3F009FF866 /* TodoItem.swift */,
			);
			path = Data;
			sourceTree = "<group>";
		};
		954CAAA427DF5ED7009FF866 /* ViewController */ = {
			isa = PBXGroup;
			children = (
				954CAAA827DF5F96009FF866 /* TodoViewController.swift */,
			);
			path = ViewController;
			sourceTree = "<group>";
		};
		954CAAA527DF5EE9009FF866 /* Cell */ = {
			isa = PBXGroup;
			children = (
				954CAAA627DF5F03009FF866 /* ItemCell.swift */,
			);
			path = Cell;
			sourceTree = "<group>";
		};
/* End PBXGroup section */

/* Begin PBXNativeTarget section */
		954CAA8527DF50BF009FF866 /* Multipeer_demo */ = {
			isa = PBXNativeTarget;
			buildConfigurationList = 954CAA9A27DF50C0009FF866 /* Build configuration list for PBXNativeTarget "Multipeer_demo" */;
			buildPhases = (
				954CAA8227DF50BF009FF866 /* Sources */,
				954CAA8327DF50BF009FF866 /* Frameworks */,
				954CAA8427DF50BF009FF866 /* Resources */,
			);
			buildRules = (
			);
			dependencies = (
			);
			name = Multipeer_demo;
			productName = Multipeer_demo;
			productReference = 954CAA8627DF50BF009FF866 /* Multipeer_demo.app */;
			productType = "com.apple.product-type.application";
		};
/* End PBXNativeTarget section */

/* Begin PBXProject section */
		954CAA7E27DF50BF009FF866 /* Project object */ = {
			isa = PBXProject;
			attributes = {
				BuildIndependentTargetsInParallel = 1;
				LastSwiftUpdateCheck = 1320;
				LastUpgradeCheck = 1320;
				TargetAttributes = {
					954CAA8527DF50BF009FF866 = {
						CreatedOnToolsVersion = 13.2.1;
					};
				};
			};
			buildConfigurationList = 954CAA8127DF50BF009FF866 /* Build configuration list for PBXProject "Multipeer_demo" */;
			compatibilityVersion = "Xcode 13.0";
			developmentRegion = en;
			hasScannedForEncodings = 0;
			knownRegions = (
				en,
				Base,
			);
			mainGroup = 954CAA7D27DF50BF009FF866;
			productRefGroup = 954CAA8727DF50BF009FF866 /* Products */;
			projectDirPath = "";
			projectRoot = "";
			targets = (
				954CAA8527DF50BF009FF866 /* Multipeer_demo */,
			);
		};
/* End PBXProject section */

/* Begin PBXResourcesBuildPhase section */
		954CAA8427DF50BF009FF866 /* Resources */ = {
			isa = PBXResourcesBuildPhase;
			buildActionMask = 2147483647;
			files = (
				954CAA9627DF50C0009FF866 /* LaunchScreen.storyboard in Resources */,
				954CAA9327DF50C0009FF866 /* Assets.xcassets in Resources */,
				954CAA9127DF50BF009FF866 /* Main.storyboard in Resources */,
			);
			runOnlyForDeploymentPostprocessing = 0;
		};
/* End PBXResourcesBuildPhase section */

/* Begin PBXSourcesBuildPhase section */
		954CAA8227DF50BF009FF866 /* Sources */ = {
			isa = PBXSourcesBuildPhase;
			buildActionMask = 2147483647;
			files = (
				954CAAA227DF5D3F009FF866 /* TodoItem.swift in Sources */,
				954CAAA927DF5F96009FF866 /* TodoViewController.swift in Sources */,
				954CAAA727DF5F03009FF866 /* ItemCell.swift in Sources */,
				954CAA9F27DF5C25009FF866 /* DataManager.swift in Sources */,
				954CAA8A27DF50BF009FF866 /* AppDelegate.swift in Sources */,
			);
			runOnlyForDeploymentPostprocessing = 0;
		};
/* End PBXSourcesBuildPhase section */

/* Begin PBXVariantGroup section */
		954CAA8F27DF50BF009FF866 /* Main.storyboard */ = {
			isa = PBXVariantGroup;
			children = (
				954CAA9027DF50BF009FF866 /* Base */,
			);
			name = Main.storyboard;
			sourceTree = "<group>";
		};
		954CAA9427DF50C0009FF866 /* LaunchScreen.storyboard */ = {
			isa = PBXVariantGroup;
			children = (
				954CAA9527DF50C0009FF866 /* Base */,
			);
			name = LaunchScreen.storyboard;
			sourceTree = "<group>";
		};
/* End PBXVariantGroup section */

/* Begin XCBuildConfiguration section */
		954CAA9827DF50C0009FF866 /* Debug */ = {
			isa = XCBuildConfiguration;
			buildSettings = {
				ALWAYS_SEARCH_USER_PATHS = NO;
				CLANG_ANALYZER_NONNULL = YES;
				CLANG_ANALYZER_NUMBER_OBJECT_CONVERSION = YES_AGGRESSIVE;
				CLANG_CXX_LANGUAGE_STANDARD = "gnu++17";
				CLANG_CXX_LIBRARY = "libc++";
				CLANG_ENABLE_MODULES = YES;
				CLANG_ENABLE_OBJC_ARC = YES;
				CLANG_ENABLE_OBJC_WEAK = YES;
				CLANG_WARN_BLOCK_CAPTURE_AUTORELEASING = YES;
				CLANG_WARN_BOOL_CONVERSION = YES;
				CLANG_WARN_COMMA = YES;
				CLANG_WARN_CONSTANT_CONVERSION = YES;
				CLANG_WARN_DEPRECATED_OBJC_IMPLEMENTATIONS = YES;
				CLANG_WARN_DIRECT_OBJC_ISA_USAGE = YES_ERROR;
				CLANG_WARN_DOCUMENTATION_COMMENTS = YES;
				CLANG_WARN_EMPTY_BODY = YES;
				CLANG_WARN_ENUM_CONVERSION = YES;
				CLANG_WARN_INFINITE_RECURSION = YES;
				CLANG_WARN_INT_CONVERSION = YES;
				CLANG_WARN_NON_LITERAL_NULL_CONVERSION = YES;
				CLANG_WARN_OBJC_IMPLICIT_RETAIN_SELF = YES;
				CLANG_WARN_OBJC_LITERAL_CONVERSION = YES;
				CLANG_WARN_OBJC_ROOT_CLASS = YES_ERROR;
				CLANG_WARN_QUOTED_INCLUDE_IN_FRAMEWORK_HEADER = YES;
				CLANG_WARN_RANGE_LOOP_ANALYSIS = YES;
				CLANG_WARN_STRICT_PROTOTYPES = YES;
				CLANG_WARN_SUSPICIOUS_MOVE = YES;
				CLANG_WARN_UNGUARDED_AVAILABILITY = YES_AGGRESSIVE;
				CLANG_WARN_UNREACHABLE_CODE = YES;
				CLANG_WARN__DUPLICATE_METHOD_MATCH = YES;
				COPY_PHASE_STRIP = NO;
				DEBUG_INFORMATION_FORMAT = dwarf;
				ENABLE_STRICT_OBJC_MSGSEND = YES;
				ENABLE_TESTABILITY = YES;
				GCC_C_LANGUAGE_STANDARD = gnu11;
				GCC_DYNAMIC_NO_PIC = NO;
				GCC_NO_COMMON_BLOCKS = YES;
				GCC_OPTIMIZATION_LEVEL = 0;
				GCC_PREPROCESSOR_DEFINITIONS = (
					"DEBUG=1",
					"$(inherited)",
				);
				GCC_WARN_64_TO_32_BIT_CONVERSION = YES;
				GCC_WARN_ABOUT_RETURN_TYPE = YES_ERROR;
				GCC_WARN_UNDECLARED_SELECTOR = YES;
				GCC_WARN_UNINITIALIZED_AUTOS = YES_AGGRESSIVE;
				GCC_WARN_UNUSED_FUNCTION = YES;
				GCC_WARN_UNUSED_VARIABLE = YES;
				IPHONEOS_DEPLOYMENT_TARGET = 15.2;
				MTL_ENABLE_DEBUG_INFO = INCLUDE_SOURCE;
				MTL_FAST_MATH = YES;
				ONLY_ACTIVE_ARCH = YES;
				SDKROOT = iphoneos;
				SWIFT_ACTIVE_COMPILATION_CONDITIONS = DEBUG;
				SWIFT_OPTIMIZATION_LEVEL = "-Onone";
			};
			name = Debug;
		};
		954CAA9927DF50C0009FF866 /* Release */ = {
			isa = XCBuildConfiguration;
			buildSettings = {
				ALWAYS_SEARCH_USER_PATHS = NO;
				CLANG_ANALYZER_NONNULL = YES;
				CLANG_ANALYZER_NUMBER_OBJECT_CONVERSION = YES_AGGRESSIVE;
				CLANG_CXX_LANGUAGE_STANDARD = "gnu++17";
				CLANG_CXX_LIBRARY = "libc++";
				CLANG_ENABLE_MODULES = YES;
				CLANG_ENABLE_OBJC_ARC = YES;
				CLANG_ENABLE_OBJC_WEAK = YES;
				CLANG_WARN_BLOCK_CAPTURE_AUTORELEASING = YES;
				CLANG_WARN_BOOL_CONVERSION = YES;
				CLANG_WARN_COMMA = YES;
				CLANG_WARN_CONSTANT_CONVERSION = YES;
				CLANG_WARN_DEPRECATED_OBJC_IMPLEMENTATIONS = YES;
				CLANG_WARN_DIRECT_OBJC_ISA_USAGE = YES_ERROR;
				CLANG_WARN_DOCUMENTATION_COMMENTS = YES;
				CLANG_WARN_EMPTY_BODY = YES;
				CLANG_WARN_ENUM_CONVERSION = YES;
				CLANG_WARN_INFINITE_RECURSION = YES;
				CLANG_WARN_INT_CONVERSION = YES;
				CLANG_WARN_NON_LITERAL_NULL_CONVERSION = YES;
				CLANG_WARN_OBJC_IMPLICIT_RETAIN_SELF = YES;
				CLANG_WARN_OBJC_LITERAL_CONVERSION = YES;
				CLANG_WARN_OBJC_ROOT_CLASS = YES_ERROR;
				CLANG_WARN_QUOTED_INCLUDE_IN_FRAMEWORK_HEADER = YES;
				CLANG_WARN_RANGE_LOOP_ANALYSIS = YES;
				CLANG_WARN_STRICT_PROTOTYPES = YES;
				CLANG_WARN_SUSPICIOUS_MOVE = YES;
				CLANG_WARN_UNGUARDED_AVAILABILITY = YES_AGGRESSIVE;
				CLANG_WARN_UNREACHABLE_CODE = YES;
				CLANG_WARN__DUPLICATE_METHOD_MATCH = YES;
				COPY_PHASE_STRIP = NO;
				DEBUG_INFORMATION_FORMAT = "dwarf-with-dsym";
				ENABLE_NS_ASSERTIONS = NO;
				ENABLE_STRICT_OBJC_MSGSEND = YES;
				GCC_C_LANGUAGE_STANDARD = gnu11;
				GCC_NO_COMMON_BLOCKS = YES;
				GCC_WARN_64_TO_32_BIT_CONVERSION = YES;
				GCC_WARN_ABOUT_RETURN_TYPE = YES_ERROR;
				GCC_WARN_UNDECLARED_SELECTOR = YES;
				GCC_WARN_UNINITIALIZED_AUTOS = YES_AGGRESSIVE;
				GCC_WARN_UNUSED_FUNCTION = YES;
				GCC_WARN_UNUSED_VARIABLE = YES;
				IPHONEOS_DEPLOYMENT_TARGET = 15.2;
				MTL_ENABLE_DEBUG_INFO = NO;
				MTL_FAST_MATH = YES;
				SDKROOT = iphoneos;
				SWIFT_COMPILATION_MODE = wholemodule;
				SWIFT_OPTIMIZATION_LEVEL = "-O";
				VALIDATE_PRODUCT = YES;
			};
			name = Release;
		};
		954CAA9B27DF50C0009FF866 /* Debug */ = {
			isa = XCBuildConfiguration;
			buildSettings = {
				ASSETCATALOG_COMPILER_APPICON_NAME = AppIcon;
				ASSETCATALOG_COMPILER_GLOBAL_ACCENT_COLOR_NAME = AccentColor;
				CODE_SIGN_STYLE = Automatic;
				CURRENT_PROJECT_VERSION = 1;
				GENERATE_INFOPLIST_FILE = YES;
				INFOPLIST_FILE = Multipeer_demo/Info.plist;
				INFOPLIST_KEY_UIApplicationSupportsIndirectInputEvents = YES;
				INFOPLIST_KEY_UILaunchStoryboardName = LaunchScreen;
				INFOPLIST_KEY_UIMainStoryboardFile = Main;
				INFOPLIST_KEY_UISupportedInterfaceOrientations_iPad = "UIInterfaceOrientationPortrait UIInterfaceOrientationPortraitUpsideDown UIInterfaceOrientationLandscapeLeft UIInterfaceOrientationLandscapeRight";
				INFOPLIST_KEY_UISupportedInterfaceOrientations_iPhone = "UIInterfaceOrientationPortrait UIInterfaceOrientationLandscapeLeft UIInterfaceOrientationLandscapeRight";
				IPHONEOS_DEPLOYMENT_TARGET = 11.2;
				LD_RUNPATH_SEARCH_PATHS = (
					"$(inherited)",
					"@executable_path/Frameworks",
				);
				MARKETING_VERSION = 1.0;
				PRODUCT_BUNDLE_IDENTIFIER = com.proximity.demo;
				PRODUCT_NAME = "$(TARGET_NAME)";
				SWIFT_EMIT_LOC_STRINGS = YES;
				SWIFT_VERSION = 5.0;
				TARGETED_DEVICE_FAMILY = 1;
			};
			name = Debug;
		};
		954CAA9C27DF50C0009FF866 /* Release */ = {
			isa = XCBuildConfiguration;
			buildSettings = {
				ASSETCATALOG_COMPILER_APPICON_NAME = AppIcon;
				ASSETCATALOG_COMPILER_GLOBAL_ACCENT_COLOR_NAME = AccentColor;
				CODE_SIGN_STYLE = Automatic;
				CURRENT_PROJECT_VERSION = 1;
				GENERATE_INFOPLIST_FILE = YES;
				INFOPLIST_FILE = Multipeer_demo/Info.plist;
				INFOPLIST_KEY_UIApplicationSupportsIndirectInputEvents = YES;
				INFOPLIST_KEY_UILaunchStoryboardName = LaunchScreen;
				INFOPLIST_KEY_UIMainStoryboardFile = Main;
				INFOPLIST_KEY_UISupportedInterfaceOrientations_iPad = "UIInterfaceOrientationPortrait UIInterfaceOrientationPortraitUpsideDown UIInterfaceOrientationLandscapeLeft UIInterfaceOrientationLandscapeRight";
				INFOPLIST_KEY_UISupportedInterfaceOrientations_iPhone = "UIInterfaceOrientationPortrait UIInterfaceOrientationLandscapeLeft UIInterfaceOrientationLandscapeRight";
				IPHONEOS_DEPLOYMENT_TARGET = 11.2;
				LD_RUNPATH_SEARCH_PATHS = (
					"$(inherited)",
					"@executable_path/Frameworks",
				);
				MARKETING_VERSION = 1.0;
				PRODUCT_BUNDLE_IDENTIFIER = com.proximity.demo;
				PRODUCT_NAME = "$(TARGET_NAME)";
				SWIFT_EMIT_LOC_STRINGS = YES;
				SWIFT_VERSION = 5.0;
				TARGETED_DEVICE_FAMILY = 1;
			};
			name = Release;
		};
/* End XCBuildConfiguration section */

/* Begin XCConfigurationList section */
		954CAA8127DF50BF009FF866 /* Build configuration list for PBXProject "Multipeer_demo" */ = {
			isa = XCConfigurationList;
			buildConfigurations = (
				954CAA9827DF50C0009FF866 /* Debug */,
				954CAA9927DF50C0009FF866 /* Release */,
			);
			defaultConfigurationIsVisible = 0;
			defaultConfigurationName = Release;
		};
		954CAA9A27DF50C0009FF866 /* Build configuration list for PBXNativeTarget "Multipeer_demo" */ = {
			isa = XCConfigurationList;
			buildConfigurations = (
				954CAA9B27DF50C0009FF866 /* Debug */,
				954CAA9C27DF50C0009FF866 /* Release */,
			);
			defaultConfigurationIsVisible = 0;
			defaultConfigurationName = Release;
		};
/* End XCConfigurationList section */
	};
	rootObject = 954CAA7E27DF50BF009FF866 /* Project object */;
}
